
Microsoft Visual Studio Solution File, Format Version 12.00
# Visual Studio Version 17
VisualStudioVersion = 17.14.36717.8 d17.14
MinimumVisualStudioVersion = 10.0.40219.1
Project("{FAE04EC0-301F-11D3-BF4B-00C04F79EFBC}") = "ControleEstoque.API", "ControleEstoque.API\ControleEstoque.API.csproj", "{24B371C9-BC4B-49B5-84C2-9A3A5D8E4217}"
EndProject
Global
	GlobalSection(SolutionConfigurationPlatforms) = preSolution
		Debug|Any CPU = Debug|Any CPU
		Release|Any CPU = Release|Any CPU
	EndGlobalSection
	GlobalSection(ProjectConfigurationPlatforms) = postSolution
		{24B371C9-BC4B-49B5-84C2-9A3A5D8E4217}.Debug|Any CPU.ActiveCfg = Debug|Any CPU
		{24B371C9-BC4B-49B5-84C2-9A3A5D8E4217}.Debug|Any CPU.Build.0 = Debug|Any CPU
		{24B371C9-BC4B-49B5-84C2-9A3A5D8E4217}.Release|Any CPU.ActiveCfg = Release|Any CPU
		{24B371C9-BC4B-49B5-84C2-9A3A5D8E4217}.Release|Any CPU.Build.0 = Release|Any CPU
	EndGlobalSection
	GlobalSection(SolutionProperties) = preSolution
		HideSolutionNode = FALSE
	EndGlobalSection
	GlobalSection(ExtensibilityGlobals) = postSolution
		SolutionGuid = {13D9CF5C-F1DE-4FFB-B9B0-5CE5CE1581B4}
	EndGlobalSection
EndGlobal
